
Microsoft Visual Studio Solution File, Format Version 12.00
# Visual Studio Version 17
VisualStudioVersion = 17.3.32901.215
MinimumVisualStudioVersion = 10.0.40219.1
Project("{8BC9CEB8-8B4A-11D0-8D11-00A0C91BC942}") = "WIN32", "WIN32\WIN32.vcxproj", "{A7CAA36D-CF8C-45B1-804F-07A7AA56B3FC}"
	ProjectSection(ProjectDependencies) = postProject
		{C5D49325-9698-4B73-AA14-7ED162D28035} = {C5D49325-9698-4B73-AA14-7ED162D28035}
		{D70FDAD2-13BC-497E-B4F9-DBF5AB405CFA} = {D70FDAD2-13BC-497E-B4F9-DBF5AB405CFA}
	EndProjectSection
EndProject
Project("{9A19103F-16F7-4668-BE54-9A1E7A4F7556}") = "DeployTestProjectPreLink", "..\..\..\IMS\CR\uiDotNet\Framework\DeployTestProjectPreLink\DeployTestProjectPreLink.csproj", "{D70FDAD2-13BC-497E-B4F9-DBF5AB405CFA}"
EndProject
Project("{9A19103F-16F7-4668-BE54-9A1E7A4F7556}") = "ccLib_netCore", "..\..\..\IMS\CR\uiDotNet\Libs\ccLib_netCore\ccLib_netCore.csproj", "{C5D49325-9698-4B73-AA14-7ED162D28035}"
EndProject
Project("{8BC9CEB8-8B4A-11D0-8D11-00A0C91BC942}") = "Teensy41", "Teensy\Teensy41.vcxproj", "{046D2F19-0296-4C15-9935-2344342151F1}"
	ProjectSection(ProjectDependencies) = postProject
		{A7CAA36D-CF8C-45B1-804F-07A7AA56B3FC} = {A7CAA36D-CF8C-45B1-804F-07A7AA56B3FC}
		{C5D49325-9698-4B73-AA14-7ED162D28035} = {C5D49325-9698-4B73-AA14-7ED162D28035}
		{D70FDAD2-13BC-497E-B4F9-DBF5AB405CFA} = {D70FDAD2-13BC-497E-B4F9-DBF5AB405CFA}
	EndProjectSection
EndProject
Global
	GlobalSection(SolutionConfigurationPlatforms) = preSolution
		ccNOos_SatComACS|Any CPU = ccNOos_SatComACS|Any CPU
		ccNOos_SatComACS|x64 = ccNOos_SatComACS|x64
		ccNOos_SatComACS|x86 = ccNOos_SatComACS|x86
		ccNOos_SysTick|Any CPU = ccNOos_SysTick|Any CPU
		ccNOos_SysTick|x64 = ccNOos_SysTick|x64
		ccNOos_SysTick|x86 = ccNOos_SysTick|x86
		ccNOos_Tests|Any CPU = ccNOos_Tests|Any CPU
		ccNOos_Tests|x64 = ccNOos_Tests|x64
		ccNOos_Tests|x86 = ccNOos_Tests|x86
		ccOS_ccACU|Any CPU = ccOS_ccACU|Any CPU
		ccOS_ccACU|x64 = ccOS_ccACU|x64
		ccOS_ccACU|x86 = ccOS_ccACU|x86
		ccOS_Tests|Any CPU = ccOS_Tests|Any CPU
		ccOS_Tests|x64 = ccOS_Tests|x64
		ccOS_Tests|x86 = ccOS_Tests|x86
		Debug_ccNOosTests|Any CPU = Debug_ccNOosTests|Any CPU
		Debug_ccNOosTests|x64 = Debug_ccNOosTests|x64
		Debug_ccNOosTests|x86 = Debug_ccNOosTests|x86
		Debug_SysTick|Any CPU = Debug_SysTick|Any CPU
		Debug_SysTick|x64 = Debug_SysTick|x64
		Debug_SysTick|x86 = Debug_SysTick|x86
		Debug|Any CPU = Debug|Any CPU
		Debug|x64 = Debug|x64
		Debug|x86 = Debug|x86
		Release|Any CPU = Release|Any CPU
		Release|x64 = Release|x64
		Release|x86 = Release|x86
	EndGlobalSection
	GlobalSection(ProjectConfigurationPlatforms) = postSolution
		{A7CAA36D-CF8C-45B1-804F-07A7AA56B3FC}.ccNOos_SatComACS|Any CPU.ActiveCfg = Debug|x64
		{A7CAA36D-CF8C-45B1-804F-07A7AA56B3FC}.ccNOos_SatComACS|Any CPU.Build.0 = Debug|x64
		{A7CAA36D-CF8C-45B1-804F-07A7AA56B3FC}.ccNOos_SatComACS|x64.ActiveCfg = Debug|x64
		{A7CAA36D-CF8C-45B1-804F-07A7AA56B3FC}.ccNOos_SatComACS|x64.Build.0 = Debug|x64
		{A7CAA36D-CF8C-45B1-804F-07A7AA56B3FC}.ccNOos_SatComACS|x86.ActiveCfg = Debug|Win32
		{A7CAA36D-CF8C-45B1-804F-07A7AA56B3FC}.ccNOos_SatComACS|x86.Build.0 = Debug|Win32
		{A7CAA36D-CF8C-45B1-804F-07A7AA56B3FC}.ccNOos_SysTick|Any CPU.ActiveCfg = Debug|x64
		{A7CAA36D-CF8C-45B1-804F-07A7AA56B3FC}.ccNOos_SysTick|Any CPU.Build.0 = Debug|x64
		{A7CAA36D-CF8C-45B1-804F-07A7AA56B3FC}.ccNOos_SysTick|x64.ActiveCfg = Debug|x64
		{A7CAA36D-CF8C-45B1-804F-07A7AA56B3FC}.ccNOos_SysTick|x64.Build.0 = Debug|x64
		{A7CAA36D-CF8C-45B1-804F-07A7AA56B3FC}.ccNOos_SysTick|x86.ActiveCfg = Debug|Win32
		{A7CAA36D-CF8C-45B1-804F-07A7AA56B3FC}.ccNOos_SysTick|x86.Build.0 = Debug|Win32
		{A7CAA36D-CF8C-45B1-804F-07A7AA56B3FC}.ccNOos_Tests|Any CPU.ActiveCfg = Debug|x64
		{A7CAA36D-CF8C-45B1-804F-07A7AA56B3FC}.ccNOos_Tests|Any CPU.Build.0 = Debug|x64
		{A7CAA36D-CF8C-45B1-804F-07A7AA56B3FC}.ccNOos_Tests|x64.ActiveCfg = Debug|x64
		{A7CAA36D-CF8C-45B1-804F-07A7AA56B3FC}.ccNOos_Tests|x64.Build.0 = Debug|x64
		{A7CAA36D-CF8C-45B1-804F-07A7AA56B3FC}.ccNOos_Tests|x86.ActiveCfg = Debug|Win32
		{A7CAA36D-CF8C-45B1-804F-07A7AA56B3FC}.ccNOos_Tests|x86.Build.0 = Debug|Win32
		{A7CAA36D-CF8C-45B1-804F-07A7AA56B3FC}.ccOS_ccACU|Any CPU.ActiveCfg = Debug|x64
		{A7CAA36D-CF8C-45B1-804F-07A7AA56B3FC}.ccOS_ccACU|Any CPU.Build.0 = Debug|x64
		{A7CAA36D-CF8C-45B1-804F-07A7AA56B3FC}.ccOS_ccACU|x64.ActiveCfg = Debug|x64
		{A7CAA36D-CF8C-45B1-804F-07A7AA56B3FC}.ccOS_ccACU|x64.Build.0 = Debug|x64
		{A7CAA36D-CF8C-45B1-804F-07A7AA56B3FC}.ccOS_ccACU|x86.ActiveCfg = Debug|Win32
		{A7CAA36D-CF8C-45B1-804F-07A7AA56B3FC}.ccOS_ccACU|x86.Build.0 = Debug|Win32
		{A7CAA36D-CF8C-45B1-804F-07A7AA56B3FC}.ccOS_Tests|Any CPU.ActiveCfg = Debug|x64
		{A7CAA36D-CF8C-45B1-804F-07A7AA56B3FC}.ccOS_Tests|Any CPU.Build.0 = Debug|x64
		{A7CAA36D-CF8C-45B1-804F-07A7AA56B3FC}.ccOS_Tests|x64.ActiveCfg = Debug|x64
		{A7CAA36D-CF8C-45B1-804F-07A7AA56B3FC}.ccOS_Tests|x64.Build.0 = Debug|x64
		{A7CAA36D-CF8C-45B1-804F-07A7AA56B3FC}.ccOS_Tests|x86.ActiveCfg = Debug|Win32
		{A7CAA36D-CF8C-45B1-804F-07A7AA56B3FC}.ccOS_Tests|x86.Build.0 = Debug|Win32
		{A7CAA36D-CF8C-45B1-804F-07A7AA56B3FC}.Debug_ccNOosTests|Any CPU.ActiveCfg = Debug|x64
		{A7CAA36D-CF8C-45B1-804F-07A7AA56B3FC}.Debug_ccNOosTests|Any CPU.Build.0 = Debug|x64
		{A7CAA36D-CF8C-45B1-804F-07A7AA56B3FC}.Debug_ccNOosTests|x64.ActiveCfg = Debug|x64
		{A7CAA36D-CF8C-45B1-804F-07A7AA56B3FC}.Debug_ccNOosTests|x64.Build.0 = Debug|x64
		{A7CAA36D-CF8C-45B1-804F-07A7AA56B3FC}.Debug_ccNOosTests|x86.ActiveCfg = Debug|Win32
		{A7CAA36D-CF8C-45B1-804F-07A7AA56B3FC}.Debug_ccNOosTests|x86.Build.0 = Debug|Win32
		{A7CAA36D-CF8C-45B1-804F-07A7AA56B3FC}.Debug_SysTick|Any CPU.ActiveCfg = Debug|x64
		{A7CAA36D-CF8C-45B1-804F-07A7AA56B3FC}.Debug_SysTick|Any CPU.Build.0 = Debug|x64
		{A7CAA36D-CF8C-45B1-804F-07A7AA56B3FC}.Debug_SysTick|x64.ActiveCfg = Debug|x64
		{A7CAA36D-CF8C-45B1-804F-07A7AA56B3FC}.Debug_SysTick|x64.Build.0 = Debug|x64
		{A7CAA36D-CF8C-45B1-804F-07A7AA56B3FC}.Debug_SysTick|x86.ActiveCfg = Debug|Win32
		{A7CAA36D-CF8C-45B1-804F-07A7AA56B3FC}.Debug_SysTick|x86.Build.0 = Debug|Win32
		{A7CAA36D-CF8C-45B1-804F-07A7AA56B3FC}.Debug|Any CPU.ActiveCfg = Debug|Win32
		{A7CAA36D-CF8C-45B1-804F-07A7AA56B3FC}.Debug|Any CPU.Build.0 = Debug|Win32
		{A7CAA36D-CF8C-45B1-804F-07A7AA56B3FC}.Debug|x64.ActiveCfg = Debug|Win32
		{A7CAA36D-CF8C-45B1-804F-07A7AA56B3FC}.Debug|x64.Build.0 = Debug|Win32
		{A7CAA36D-CF8C-45B1-804F-07A7AA56B3FC}.Debug|x86.ActiveCfg = Debug|Win32
		{A7CAA36D-CF8C-45B1-804F-07A7AA56B3FC}.Debug|x86.Build.0 = Debug|Win32
		{A7CAA36D-CF8C-45B1-804F-07A7AA56B3FC}.Release|Any CPU.ActiveCfg = Release|x64
		{A7CAA36D-CF8C-45B1-804F-07A7AA56B3FC}.Release|Any CPU.Build.0 = Release|x64
		{A7CAA36D-CF8C-45B1-804F-07A7AA56B3FC}.Release|x64.ActiveCfg = Release|x64
		{A7CAA36D-CF8C-45B1-804F-07A7AA56B3FC}.Release|x64.Build.0 = Release|x64
		{A7CAA36D-CF8C-45B1-804F-07A7AA56B3FC}.Release|x86.ActiveCfg = Release|Win32
		{A7CAA36D-CF8C-45B1-804F-07A7AA56B3FC}.Release|x86.Build.0 = Release|Win32
		{D70FDAD2-13BC-497E-B4F9-DBF5AB405CFA}.ccNOos_SatComACS|Any CPU.ActiveCfg = Debug|Any CPU
		{D70FDAD2-13BC-497E-B4F9-DBF5AB405CFA}.ccNOos_SatComACS|Any CPU.Build.0 = Debug|Any CPU
		{D70FDAD2-13BC-497E-B4F9-DBF5AB405CFA}.ccNOos_SatComACS|x64.ActiveCfg = Debug|Any CPU
		{D70FDAD2-13BC-497E-B4F9-DBF5AB405CFA}.ccNOos_SatComACS|x64.Build.0 = Debug|Any CPU
		{D70FDAD2-13BC-497E-B4F9-DBF5AB405CFA}.ccNOos_SatComACS|x86.ActiveCfg = Debug|Any CPU
		{D70FDAD2-13BC-497E-B4F9-DBF5AB405CFA}.ccNOos_SatComACS|x86.Build.0 = Debug|Any CPU
		{D70FDAD2-13BC-497E-B4F9-DBF5AB405CFA}.ccNOos_SysTick|Any CPU.ActiveCfg = Debug|Any CPU
		{D70FDAD2-13BC-497E-B4F9-DBF5AB405CFA}.ccNOos_SysTick|Any CPU.Build.0 = Debug|Any CPU
		{D70FDAD2-13BC-497E-B4F9-DBF5AB405CFA}.ccNOos_SysTick|x64.ActiveCfg = Debug|Any CPU
		{D70FDAD2-13BC-497E-B4F9-DBF5AB405CFA}.ccNOos_SysTick|x64.Build.0 = Debug|Any CPU
		{D70FDAD2-13BC-497E-B4F9-DBF5AB405CFA}.ccNOos_SysTick|x86.ActiveCfg = Debug|Any CPU
		{D70FDAD2-13BC-497E-B4F9-DBF5AB405CFA}.ccNOos_SysTick|x86.Build.0 = Debug|Any CPU
		{D70FDAD2-13BC-497E-B4F9-DBF5AB405CFA}.ccNOos_Tests|Any CPU.ActiveCfg = Debug|Any CPU
		{D70FDAD2-13BC-497E-B4F9-DBF5AB405CFA}.ccNOos_Tests|Any CPU.Build.0 = Debug|Any CPU
		{D70FDAD2-13BC-497E-B4F9-DBF5AB405CFA}.ccNOos_Tests|x64.ActiveCfg = Debug|Any CPU
		{D70FDAD2-13BC-497E-B4F9-DBF5AB405CFA}.ccNOos_Tests|x64.Build.0 = Debug|Any CPU
		{D70FDAD2-13BC-497E-B4F9-DBF5AB405CFA}.ccNOos_Tests|x86.ActiveCfg = Debug|Any CPU
		{D70FDAD2-13BC-497E-B4F9-DBF5AB405CFA}.ccNOos_Tests|x86.Build.0 = Debug|Any CPU
		{D70FDAD2-13BC-497E-B4F9-DBF5AB405CFA}.ccOS_ccACU|Any CPU.ActiveCfg = Debug|Any CPU
		{D70FDAD2-13BC-497E-B4F9-DBF5AB405CFA}.ccOS_ccACU|Any CPU.Build.0 = Debug|Any CPU
		{D70FDAD2-13BC-497E-B4F9-DBF5AB405CFA}.ccOS_ccACU|x64.ActiveCfg = Debug|Any CPU
		{D70FDAD2-13BC-497E-B4F9-DBF5AB405CFA}.ccOS_ccACU|x64.Build.0 = Debug|Any CPU
		{D70FDAD2-13BC-497E-B4F9-DBF5AB405CFA}.ccOS_ccACU|x86.ActiveCfg = Debug|Any CPU
		{D70FDAD2-13BC-497E-B4F9-DBF5AB405CFA}.ccOS_ccACU|x86.Build.0 = Debug|Any CPU
		{D70FDAD2-13BC-497E-B4F9-DBF5AB405CFA}.ccOS_Tests|Any CPU.ActiveCfg = Debug|Any CPU
		{D70FDAD2-13BC-497E-B4F9-DBF5AB405CFA}.ccOS_Tests|Any CPU.Build.0 = Debug|Any CPU
		{D70FDAD2-13BC-497E-B4F9-DBF5AB405CFA}.ccOS_Tests|x64.ActiveCfg = Debug|Any CPU
		{D70FDAD2-13BC-497E-B4F9-DBF5AB405CFA}.ccOS_Tests|x64.Build.0 = Debug|Any CPU
		{D70FDAD2-13BC-497E-B4F9-DBF5AB405CFA}.ccOS_Tests|x86.ActiveCfg = Debug|Any CPU
		{D70FDAD2-13BC-497E-B4F9-DBF5AB405CFA}.ccOS_Tests|x86.Build.0 = Debug|Any CPU
		{D70FDAD2-13BC-497E-B4F9-DBF5AB405CFA}.Debug_ccNOosTests|Any CPU.ActiveCfg = Debug|Any CPU
		{D70FDAD2-13BC-497E-B4F9-DBF5AB405CFA}.Debug_ccNOosTests|Any CPU.Build.0 = Debug|Any CPU
		{D70FDAD2-13BC-497E-B4F9-DBF5AB405CFA}.Debug_ccNOosTests|x64.ActiveCfg = Debug|Any CPU
		{D70FDAD2-13BC-497E-B4F9-DBF5AB405CFA}.Debug_ccNOosTests|x64.Build.0 = Debug|Any CPU
		{D70FDAD2-13BC-497E-B4F9-DBF5AB405CFA}.Debug_ccNOosTests|x86.ActiveCfg = Debug|Any CPU
		{D70FDAD2-13BC-497E-B4F9-DBF5AB405CFA}.Debug_ccNOosTests|x86.Build.0 = Debug|Any CPU
		{D70FDAD2-13BC-497E-B4F9-DBF5AB405CFA}.Debug_SysTick|Any CPU.ActiveCfg = Debug|Any CPU
		{D70FDAD2-13BC-497E-B4F9-DBF5AB405CFA}.Debug_SysTick|Any CPU.Build.0 = Debug|Any CPU
		{D70FDAD2-13BC-497E-B4F9-DBF5AB405CFA}.Debug_SysTick|x64.ActiveCfg = Debug|Any CPU
		{D70FDAD2-13BC-497E-B4F9-DBF5AB405CFA}.Debug_SysTick|x64.Build.0 = Debug|Any CPU
		{D70FDAD2-13BC-497E-B4F9-DBF5AB405CFA}.Debug_SysTick|x86.ActiveCfg = Debug|Any CPU
		{D70FDAD2-13BC-497E-B4F9-DBF5AB405CFA}.Debug_SysTick|x86.Build.0 = Debug|Any CPU
		{D70FDAD2-13BC-497E-B4F9-DBF5AB405CFA}.Debug|Any CPU.ActiveCfg = Debug|Any CPU
		{D70FDAD2-13BC-497E-B4F9-DBF5AB405CFA}.Debug|Any CPU.Build.0 = Debug|Any CPU
		{D70FDAD2-13BC-497E-B4F9-DBF5AB405CFA}.Debug|x64.ActiveCfg = Debug|Any CPU
		{D70FDAD2-13BC-497E-B4F9-DBF5AB405CFA}.Debug|x64.Build.0 = Debug|Any CPU
		{D70FDAD2-13BC-497E-B4F9-DBF5AB405CFA}.Debug|x86.ActiveCfg = Debug|Any CPU
		{D70FDAD2-13BC-497E-B4F9-DBF5AB405CFA}.Debug|x86.Build.0 = Debug|Any CPU
		{D70FDAD2-13BC-497E-B4F9-DBF5AB405CFA}.Release|Any CPU.ActiveCfg = Release|Any CPU
		{D70FDAD2-13BC-497E-B4F9-DBF5AB405CFA}.Release|Any CPU.Build.0 = Release|Any CPU
		{D70FDAD2-13BC-497E-B4F9-DBF5AB405CFA}.Release|x64.ActiveCfg = Release|Any CPU
		{D70FDAD2-13BC-497E-B4F9-DBF5AB405CFA}.Release|x64.Build.0 = Release|Any CPU
		{D70FDAD2-13BC-497E-B4F9-DBF5AB405CFA}.Release|x86.ActiveCfg = Release|Any CPU
		{D70FDAD2-13BC-497E-B4F9-DBF5AB405CFA}.Release|x86.Build.0 = Release|Any CPU
		{C5D49325-9698-4B73-AA14-7ED162D28035}.ccNOos_SatComACS|Any CPU.ActiveCfg = ccNOos_SatComACS|Any CPU
		{C5D49325-9698-4B73-AA14-7ED162D28035}.ccNOos_SatComACS|Any CPU.Build.0 = ccNOos_SatComACS|Any CPU
		{C5D49325-9698-4B73-AA14-7ED162D28035}.ccNOos_SatComACS|x64.ActiveCfg = ccNOos_SatComACS|Any CPU
		{C5D49325-9698-4B73-AA14-7ED162D28035}.ccNOos_SatComACS|x64.Build.0 = ccNOos_SatComACS|Any CPU
		{C5D49325-9698-4B73-AA14-7ED162D28035}.ccNOos_SatComACS|x86.ActiveCfg = ccNOos_SatComACS|Any CPU
		{C5D49325-9698-4B73-AA14-7ED162D28035}.ccNOos_SatComACS|x86.Build.0 = ccNOos_SatComACS|Any CPU
		{C5D49325-9698-4B73-AA14-7ED162D28035}.ccNOos_SysTick|Any CPU.ActiveCfg = ccNOos_SysTick|Any CPU
		{C5D49325-9698-4B73-AA14-7ED162D28035}.ccNOos_SysTick|Any CPU.Build.0 = ccNOos_SysTick|Any CPU
		{C5D49325-9698-4B73-AA14-7ED162D28035}.ccNOos_SysTick|x64.ActiveCfg = ccNOos_SysTick|Any CPU
		{C5D49325-9698-4B73-AA14-7ED162D28035}.ccNOos_SysTick|x64.Build.0 = ccNOos_SysTick|Any CPU
		{C5D49325-9698-4B73-AA14-7ED162D28035}.ccNOos_SysTick|x86.ActiveCfg = ccNOos_SysTick|Any CPU
		{C5D49325-9698-4B73-AA14-7ED162D28035}.ccNOos_SysTick|x86.Build.0 = ccNOos_SysTick|Any CPU
		{C5D49325-9698-4B73-AA14-7ED162D28035}.ccNOos_Tests|Any CPU.ActiveCfg = ccNOos_Tests|Any CPU
		{C5D49325-9698-4B73-AA14-7ED162D28035}.ccNOos_Tests|Any CPU.Build.0 = ccNOos_Tests|Any CPU
		{C5D49325-9698-4B73-AA14-7ED162D28035}.ccNOos_Tests|x64.ActiveCfg = ccNOos_Tests|Any CPU
		{C5D49325-9698-4B73-AA14-7ED162D28035}.ccNOos_Tests|x64.Build.0 = ccNOos_Tests|Any CPU
		{C5D49325-9698-4B73-AA14-7ED162D28035}.ccNOos_Tests|x86.ActiveCfg = ccNOos_Tests|Any CPU
		{C5D49325-9698-4B73-AA14-7ED162D28035}.ccNOos_Tests|x86.Build.0 = ccNOos_Tests|Any CPU
		{C5D49325-9698-4B73-AA14-7ED162D28035}.ccOS_ccACU|Any CPU.ActiveCfg = ccOS_ccACU|Any CPU
		{C5D49325-9698-4B73-AA14-7ED162D28035}.ccOS_ccACU|Any CPU.Build.0 = ccOS_ccACU|Any CPU
		{C5D49325-9698-4B73-AA14-7ED162D28035}.ccOS_ccACU|x64.ActiveCfg = ccOS_ccACU|Any CPU
		{C5D49325-9698-4B73-AA14-7ED162D28035}.ccOS_ccACU|x64.Build.0 = ccOS_ccACU|Any CPU
		{C5D49325-9698-4B73-AA14-7ED162D28035}.ccOS_ccACU|x86.ActiveCfg = ccOS_ccACU|Any CPU
		{C5D49325-9698-4B73-AA14-7ED162D28035}.ccOS_ccACU|x86.Build.0 = ccOS_ccACU|Any CPU
		{C5D49325-9698-4B73-AA14-7ED162D28035}.ccOS_Tests|Any CPU.ActiveCfg = ccOS_Tests|Any CPU
		{C5D49325-9698-4B73-AA14-7ED162D28035}.ccOS_Tests|Any CPU.Build.0 = ccOS_Tests|Any CPU
		{C5D49325-9698-4B73-AA14-7ED162D28035}.ccOS_Tests|x64.ActiveCfg = ccOS_Tests|Any CPU
		{C5D49325-9698-4B73-AA14-7ED162D28035}.ccOS_Tests|x64.Build.0 = ccOS_Tests|Any CPU
		{C5D49325-9698-4B73-AA14-7ED162D28035}.ccOS_Tests|x86.ActiveCfg = ccOS_Tests|Any CPU
		{C5D49325-9698-4B73-AA14-7ED162D28035}.ccOS_Tests|x86.Build.0 = ccOS_Tests|Any CPU
		{C5D49325-9698-4B73-AA14-7ED162D28035}.Debug_ccNOosTests|Any CPU.ActiveCfg = Debug|Any CPU
		{C5D49325-9698-4B73-AA14-7ED162D28035}.Debug_ccNOosTests|Any CPU.Build.0 = Debug|Any CPU
		{C5D49325-9698-4B73-AA14-7ED162D28035}.Debug_ccNOosTests|x64.ActiveCfg = Debug|Any CPU
		{C5D49325-9698-4B73-AA14-7ED162D28035}.Debug_ccNOosTests|x64.Build.0 = Debug|Any CPU
		{C5D49325-9698-4B73-AA14-7ED162D28035}.Debug_ccNOosTests|x86.ActiveCfg = Debug|Any CPU
		{C5D49325-9698-4B73-AA14-7ED162D28035}.Debug_ccNOosTests|x86.Build.0 = Debug|Any CPU
		{C5D49325-9698-4B73-AA14-7ED162D28035}.Debug_SysTick|Any CPU.ActiveCfg = Debug|Any CPU
		{C5D49325-9698-4B73-AA14-7ED162D28035}.Debug_SysTick|Any CPU.Build.0 = Debug|Any CPU
		{C5D49325-9698-4B73-AA14-7ED162D28035}.Debug_SysTick|x64.ActiveCfg = Debug|Any CPU
		{C5D49325-9698-4B73-AA14-7ED162D28035}.Debug_SysTick|x64.Build.0 = Debug|Any CPU
		{C5D49325-9698-4B73-AA14-7ED162D28035}.Debug_SysTick|x86.ActiveCfg = Debug|Any CPU
		{C5D49325-9698-4B73-AA14-7ED162D28035}.Debug_SysTick|x86.Build.0 = Debug|Any CPU
		{C5D49325-9698-4B73-AA14-7ED162D28035}.Debug|Any CPU.ActiveCfg = Debug|Any CPU
		{C5D49325-9698-4B73-AA14-7ED162D28035}.Debug|Any CPU.Build.0 = Debug|Any CPU
		{C5D49325-9698-4B73-AA14-7ED162D28035}.Debug|x64.ActiveCfg = Debug|Any CPU
		{C5D49325-9698-4B73-AA14-7ED162D28035}.Debug|x64.Build.0 = Debug|Any CPU
		{C5D49325-9698-4B73-AA14-7ED162D28035}.Debug|x86.ActiveCfg = Debug|Any CPU
		{C5D49325-9698-4B73-AA14-7ED162D28035}.Debug|x86.Build.0 = Debug|Any CPU
		{C5D49325-9698-4B73-AA14-7ED162D28035}.Release|Any CPU.ActiveCfg = Release|Any CPU
		{C5D49325-9698-4B73-AA14-7ED162D28035}.Release|Any CPU.Build.0 = Release|Any CPU
		{C5D49325-9698-4B73-AA14-7ED162D28035}.Release|x64.ActiveCfg = Release|Any CPU
		{C5D49325-9698-4B73-AA14-7ED162D28035}.Release|x64.Build.0 = Release|Any CPU
		{C5D49325-9698-4B73-AA14-7ED162D28035}.Release|x86.ActiveCfg = Release|Any CPU
		{C5D49325-9698-4B73-AA14-7ED162D28035}.Release|x86.Build.0 = Release|Any CPU
		{046D2F19-0296-4C15-9935-2344342151F1}.ccNOos_SatComACS|Any CPU.ActiveCfg = Debug|x64
		{046D2F19-0296-4C15-9935-2344342151F1}.ccNOos_SatComACS|Any CPU.Build.0 = Debug|x64
		{046D2F19-0296-4C15-9935-2344342151F1}.ccNOos_SatComACS|x64.ActiveCfg = Debug|x64
		{046D2F19-0296-4C15-9935-2344342151F1}.ccNOos_SatComACS|x64.Build.0 = Debug|x64
		{046D2F19-0296-4C15-9935-2344342151F1}.ccNOos_SatComACS|x86.ActiveCfg = Debug|Win32
		{046D2F19-0296-4C15-9935-2344342151F1}.ccNOos_SatComACS|x86.Build.0 = Debug|Win32
		{046D2F19-0296-4C15-9935-2344342151F1}.ccNOos_SysTick|Any CPU.ActiveCfg = Debug|x64
		{046D2F19-0296-4C15-9935-2344342151F1}.ccNOos_SysTick|Any CPU.Build.0 = Debug|x64
		{046D2F19-0296-4C15-9935-2344342151F1}.ccNOos_SysTick|x64.ActiveCfg = Debug|x64
		{046D2F19-0296-4C15-9935-2344342151F1}.ccNOos_SysTick|x64.Build.0 = Debug|x64
		{046D2F19-0296-4C15-9935-2344342151F1}.ccNOos_SysTick|x86.ActiveCfg = Debug|Win32
		{046D2F19-0296-4C15-9935-2344342151F1}.ccNOos_SysTick|x86.Build.0 = Debug|Win32
		{046D2F19-0296-4C15-9935-2344342151F1}.ccNOos_Tests|Any CPU.ActiveCfg = Debug|x64
		{046D2F19-0296-4C15-9935-2344342151F1}.ccNOos_Tests|Any CPU.Build.0 = Debug|x64
		{046D2F19-0296-4C15-9935-2344342151F1}.ccNOos_Tests|x64.ActiveCfg = Debug|x64
		{046D2F19-0296-4C15-9935-2344342151F1}.ccNOos_Tests|x64.Build.0 = Debug|x64
		{046D2F19-0296-4C15-9935-2344342151F1}.ccNOos_Tests|x86.ActiveCfg = Debug|Win32
		{046D2F19-0296-4C15-9935-2344342151F1}.ccNOos_Tests|x86.Build.0 = Debug|Win32
		{046D2F19-0296-4C15-9935-2344342151F1}.ccOS_ccACU|Any CPU.ActiveCfg = Debug|x64
		{046D2F19-0296-4C15-9935-2344342151F1}.ccOS_ccACU|Any CPU.Build.0 = Debug|x64
		{046D2F19-0296-4C15-9935-2344342151F1}.ccOS_ccACU|x64.ActiveCfg = Debug|x64
		{046D2F19-0296-4C15-9935-2344342151F1}.ccOS_ccACU|x64.Build.0 = Debug|x64
		{046D2F19-0296-4C15-9935-2344342151F1}.ccOS_ccACU|x86.ActiveCfg = Debug|Win32
		{046D2F19-0296-4C15-9935-2344342151F1}.ccOS_ccACU|x86.Build.0 = Debug|Win32
		{046D2F19-0296-4C15-9935-2344342151F1}.ccOS_Tests|Any CPU.ActiveCfg = Debug|x64
		{046D2F19-0296-4C15-9935-2344342151F1}.ccOS_Tests|Any CPU.Build.0 = Debug|x64
		{046D2F19-0296-4C15-9935-2344342151F1}.ccOS_Tests|x64.ActiveCfg = Debug|x64
		{046D2F19-0296-4C15-9935-2344342151F1}.ccOS_Tests|x64.Build.0 = Debug|x64
		{046D2F19-0296-4C15-9935-2344342151F1}.ccOS_Tests|x86.ActiveCfg = Debug|Win32
		{046D2F19-0296-4C15-9935-2344342151F1}.ccOS_Tests|x86.Build.0 = Debug|Win32
		{046D2F19-0296-4C15-9935-2344342151F1}.Debug_ccNOosTests|Any CPU.ActiveCfg = Debug|x64
		{046D2F19-0296-4C15-9935-2344342151F1}.Debug_ccNOosTests|Any CPU.Build.0 = Debug|x64
		{046D2F19-0296-4C15-9935-2344342151F1}.Debug_ccNOosTests|x64.ActiveCfg = Debug|x64
		{046D2F19-0296-4C15-9935-2344342151F1}.Debug_ccNOosTests|x64.Build.0 = Debug|x64
		{046D2F19-0296-4C15-9935-2344342151F1}.Debug_ccNOosTests|x86.ActiveCfg = Debug|Win32
		{046D2F19-0296-4C15-9935-2344342151F1}.Debug_ccNOosTests|x86.Build.0 = Debug|Win32
		{046D2F19-0296-4C15-9935-2344342151F1}.Debug_SysTick|Any CPU.ActiveCfg = Debug|x64
		{046D2F19-0296-4C15-9935-2344342151F1}.Debug_SysTick|Any CPU.Build.0 = Debug|x64
		{046D2F19-0296-4C15-9935-2344342151F1}.Debug_SysTick|x64.ActiveCfg = Debug|x64
		{046D2F19-0296-4C15-9935-2344342151F1}.Debug_SysTick|x64.Build.0 = Debug|x64
		{046D2F19-0296-4C15-9935-2344342151F1}.Debug_SysTick|x86.ActiveCfg = Debug|Win32
		{046D2F19-0296-4C15-9935-2344342151F1}.Debug_SysTick|x86.Build.0 = Debug|Win32
		{046D2F19-0296-4C15-9935-2344342151F1}.Debug|Any CPU.ActiveCfg = Debug|x64
		{046D2F19-0296-4C15-9935-2344342151F1}.Debug|Any CPU.Build.0 = Debug|x64
		{046D2F19-0296-4C15-9935-2344342151F1}.Debug|x64.ActiveCfg = Debug|x64
		{046D2F19-0296-4C15-9935-2344342151F1}.Debug|x64.Build.0 = Debug|x64
		{046D2F19-0296-4C15-9935-2344342151F1}.Debug|x86.ActiveCfg = Debug|Win32
		{046D2F19-0296-4C15-9935-2344342151F1}.Debug|x86.Build.0 = Debug|Win32
		{046D2F19-0296-4C15-9935-2344342151F1}.Release|Any CPU.ActiveCfg = Release|x64
		{046D2F19-0296-4C15-9935-2344342151F1}.Release|Any CPU.Build.0 = Release|x64
		{046D2F19-0296-4C15-9935-2344342151F1}.Release|x64.ActiveCfg = Release|x64
		{046D2F19-0296-4C15-9935-2344342151F1}.Release|x64.Build.0 = Release|x64
		{046D2F19-0296-4C15-9935-2344342151F1}.Release|x86.ActiveCfg = Release|Win32
		{046D2F19-0296-4C15-9935-2344342151F1}.Release|x86.Build.0 = Release|Win32
	EndGlobalSection
	GlobalSection(SolutionProperties) = preSolution
		HideSolutionNode = FALSE
	EndGlobalSection
	GlobalSection(ExtensibilityGlobals) = postSolution
		SolutionGuid = {A093F8D7-CD05-4F0D-876B-326034FE1DD1}
	EndGlobalSection
EndGlobal
